
Microsoft Visual Studio Solution File, Format Version 12.00
# Visual Studio 15
Project("{FAE04EC0-301F-11D3-BF4B-00C04F79EFBC}") = "Calculator.iOS", "Calculator.iOS\Calculator.iOS.csproj", "{31879CEC-00C8-4561-9E73-D18D84A18598}"
EndProject
Project("{FAE04EC0-301F-11D3-BF4B-00C04F79EFBC}") = "Calculator", "Calculator\Calculator.csproj", "{8EEEF536-635F-4E25-98B8-0203AE7F71FD}"
EndProject
Global
	GlobalSection(SolutionConfigurationPlatforms) = preSolution
		Debug|iPhoneSimulator = Debug|iPhoneSimulator
		Release|iPhoneSimulator = Release|iPhoneSimulator
		Debug|iPhone = Debug|iPhone
		Release|iPhone = Release|iPhone
		Debug|Any CPU = Debug|Any CPU
		Release|Any CPU = Release|Any CPU
	EndGlobalSection
	GlobalSection(ProjectConfigurationPlatforms) = postSolution
		{31879CEC-00C8-4561-9E73-D18D84A18598}.Debug|iPhoneSimulator.ActiveCfg = Debug|iPhoneSimulator
		{31879CEC-00C8-4561-9E73-D18D84A18598}.Debug|iPhoneSimulator.Build.0 = Debug|iPhoneSimulator
		{31879CEC-00C8-4561-9E73-D18D84A18598}.Release|iPhoneSimulator.ActiveCfg = Release|iPhoneSimulator
		{31879CEC-00C8-4561-9E73-D18D84A18598}.Release|iPhoneSimulator.Build.0 = Release|iPhoneSimulator
		{31879CEC-00C8-4561-9E73-D18D84A18598}.Debug|iPhone.ActiveCfg = Debug|iPhone
		{31879CEC-00C8-4561-9E73-D18D84A18598}.Debug|iPhone.Build.0 = Debug|iPhone
		{31879CEC-00C8-4561-9E73-D18D84A18598}.Release|iPhone.ActiveCfg = Release|iPhone
		{31879CEC-00C8-4561-9E73-D18D84A18598}.Release|iPhone.Build.0 = Release|iPhone
		{31879CEC-00C8-4561-9E73-D18D84A18598}.Debug|Any CPU.ActiveCfg = Debug|iPhoneSimulator
		{31879CEC-00C8-4561-9E73-D18D84A18598}.Debug|Any CPU.Build.0 = Debug|iPhoneSimulator
		{31879CEC-00C8-4561-9E73-D18D84A18598}.Release|Any CPU.ActiveCfg = Release|iPhoneSimulator
		{31879CEC-00C8-4561-9E73-D18D84A18598}.Release|Any CPU.Build.0 = Release|iPhoneSimulator
		{8EEEF536-635F-4E25-98B8-0203AE7F71FD}.Debug|iPhoneSimulator.ActiveCfg = Debug|Any CPU
		{8EEEF536-635F-4E25-98B8-0203AE7F71FD}.Debug|iPhoneSimulator.Build.0 = Debug|Any CPU
		{8EEEF536-635F-4E25-98B8-0203AE7F71FD}.Release|iPhoneSimulator.ActiveCfg = Release|Any CPU
		{8EEEF536-635F-4E25-98B8-0203AE7F71FD}.Release|iPhoneSimulator.Build.0 = Release|Any CPU
		{8EEEF536-635F-4E25-98B8-0203AE7F71FD}.Debug|iPhone.ActiveCfg = Debug|Any CPU
		{8EEEF536-635F-4E25-98B8-0203AE7F71FD}.Debug|iPhone.Build.0 = Debug|Any CPU
		{8EEEF536-635F-4E25-98B8-0203AE7F71FD}.Release|iPhone.ActiveCfg = Release|Any CPU
		{8EEEF536-635F-4E25-98B8-0203AE7F71FD}.Release|iPhone.Build.0 = Release|Any CPU
		{8EEEF536-635F-4E25-98B8-0203AE7F71FD}.Debug|Any CPU.ActiveCfg = Debug|Any CPU
		{8EEEF536-635F-4E25-98B8-0203AE7F71FD}.Debug|Any CPU.Build.0 = Debug|Any CPU
		{8EEEF536-635F-4E25-98B8-0203AE7F71FD}.Release|Any CPU.ActiveCfg = Release|Any CPU
		{8EEEF536-635F-4E25-98B8-0203AE7F71FD}.Release|Any CPU.Build.0 = Release|Any CPU
	EndGlobalSection
EndGlobal
